
Microsoft Visual Studio Solution File, Format Version 12.00
# Visual Studio Version 17
VisualStudioVersion = 17.9.34616.47
MinimumVisualStudioVersion = 10.0.40219.1
Project("{FAE04EC0-301F-11D3-BF4B-00C04F79EFBC}") = "SkillsInternationalServer", "SkillsInternationalServer\SkillsInternationalServer.csproj", "{1EFB6212-E7B5-46F5-9597-009D3D0FF066}"
EndProject
Global
	GlobalSection(SolutionConfigurationPlatforms) = preSolution
		Debug|Any CPU = Debug|Any CPU
		Release|Any CPU = Release|Any CPU
	EndGlobalSection
	GlobalSection(ProjectConfigurationPlatforms) = postSolution
		{1EFB6212-E7B5-46F5-9597-009D3D0FF066}.Debug|Any CPU.ActiveCfg = Debug|Any CPU
		{1EFB6212-E7B5-46F5-9597-009D3D0FF066}.Debug|Any CPU.Build.0 = Debug|Any CPU
		{1EFB6212-E7B5-46F5-9597-009D3D0FF066}.Release|Any CPU.ActiveCfg = Release|Any CPU
		{1EFB6212-E7B5-46F5-9597-009D3D0FF066}.Release|Any CPU.Build.0 = Release|Any CPU
	EndGlobalSection
	GlobalSection(SolutionProperties) = preSolution
		HideSolutionNode = FALSE
	EndGlobalSection
	GlobalSection(ExtensibilityGlobals) = postSolution
		SolutionGuid = {90C648C7-0CE7-4368-AD80-FAE89FFE2CA7}
	EndGlobalSection
EndGlobal
